PODS:
  - MultiPlatformLibrary (0.1.0)

DEPENDENCIES:
  - MultiPlatformLibrary (from `../mpp-library`)

EXTERNAL SOURCES:
  MultiPlatformLibrary:
    :path: "../mpp-library"

SPEC CHECKSUMS:
  MultiPlatformLibrary: 2a9f43df7bd018c32611a2087c1e2ef74847394c

PODFILE CHECKSUM: 407e24455d8967c472bda10cdbc0fe637bc20d05

COCOAPODS: 1.11.3
