PODS:
  - mokoMvvmFlowSwiftUI (0.16.0)

DEPENDENCIES:
  - mokoMvvmFlowSwiftUI (from `https://raw.githubusercontent.com/icerockdev/moko-mvvm/release/0.16.0/mokoMvvmFlowSwiftUI.podspec`)

EXTERNAL SOURCES:
  mokoMvvmFlowSwiftUI:
    :podspec: https://raw.githubusercontent.com/icerockdev/moko-mvvm/release/0.16.0/mokoMvvmFlowSwiftUI.podspec

SPEC CHECKSUMS:
  mokoMvvmFlowSwiftUI: 81695321e290fb455130d1b9e11719e44dc1cc2a

PODFILE CHECKSUM: c8a9b089579568e4d5c3c5dbf2553a274d16f252

COCOAPODS: 1.11.3
